// !$*UTF8*$!
{
	archiveVersion = 1;
	classes = {
	};
	objectVersion = 48;
	objects = {

/* Begin PBXBuildFile section */
		098438A0D842EE5CFD7C0244 /* libPods-OnChain.a in Frameworks */ = {isa = PBXBuildFile; fileRef = 405A6F2344E188C2CCAEA225 /* libPods-OnChain.a */; };
		1237F2E2204FFF8700ED5447 /* ImageIO.framework in Frameworks */ = {isa = PBXBuildFile; fileRef = 1237F2E1204FFF8700ED5447 /* ImageIO.framework */; };
		1237F2EB20510DA600ED5447 /* IdentityViewController.m in Sources */ = {isa = PBXBuildFile; fileRef = 1237F2E920510DA600ED5447 /* IdentityViewController.m */; };
		1237F2EC20510DA600ED5447 /* IdentityViewController.xib in Resources */ = {isa = PBXBuildFile; fileRef = 1237F2EA20510DA600ED5447 /* IdentityViewController.xib */; };
		12ADD49120528F4F003A55E6 /* MineViewController.m in Sources */ = {isa = PBXBuildFile; fileRef = 12ADD48F20528F4F003A55E6 /* MineViewController.m */; };
		12ADD49220528F4F003A55E6 /* MineViewController.xib in Resources */ = {isa = PBXBuildFile; fileRef = 12ADD49020528F4F003A55E6 /* MineViewController.xib */; };
		12ADD4972052A595003A55E6 /* MineCell.m in Sources */ = {isa = PBXBuildFile; fileRef = 12ADD4952052A595003A55E6 /* MineCell.m */; };
		12ADD4982052A595003A55E6 /* MineCell.xib in Resources */ = {isa = PBXBuildFile; fileRef = 12ADD4962052A595003A55E6 /* MineCell.xib */; };
		12ADD49C2052B2A0003A55E6 /* IDCell.m in Sources */ = {isa = PBXBuildFile; fileRef = 12ADD49A2052B2A0003A55E6 /* IDCell.m */; };
		12ADD49D2052B2A0003A55E6 /* IDCell.xib in Resources */ = {isa = PBXBuildFile; fileRef = 12ADD49B2052B2A0003A55E6 /* IDCell.xib */; };
		12F0C8D62051217E00D54FA8 /* IndentityCell.m in Sources */ = {isa = PBXBuildFile; fileRef = 12F0C8D42051217E00D54FA8 /* IndentityCell.m */; };
		12F0C8D72051217E00D54FA8 /* IndentityCell.xib in Resources */ = {isa = PBXBuildFile; fileRef = 12F0C8D52051217E00D54FA8 /* IndentityCell.xib */; };
		12F0C8DB2051306500D54FA8 /* UIView+Scale.m in Sources */ = {isa = PBXBuildFile; fileRef = 12F0C8DA2051306500D54FA8 /* UIView+Scale.m */; };
		12F0C8DE20514A7800D54FA8 /* WebIdentityViewController.m in Sources */ = {isa = PBXBuildFile; fileRef = 12F0C8DD20514A7800D54FA8 /* WebIdentityViewController.m */; };
		C05245BC2047E95500A80F85 /* CapitalViewController.m in Sources */ = {isa = PBXBuildFile; fileRef = C05245BB2047E95500A80F85 /* CapitalViewController.m */; };
		C05245C0204979E400A80F85 /* PwdEnterView.m in Sources */ = {isa = PBXBuildFile; fileRef = C05245BF204979E400A80F85 /* PwdEnterView.m */; };
		C05245C420497A3100A80F85 /* OTAlertView.m in Sources */ = {isa = PBXBuildFile; fileRef = C05245C320497A3100A80F85 /* OTAlertView.m */; };
		C05245C720497FB300A80F85 /* CreatePwdViewController.m in Sources */ = {isa = PBXBuildFile; fileRef = C05245C620497FB300A80F85 /* CreatePwdViewController.m */; };
		C05245CA20499C1100A80F85 /* CreateWaitViewController.m in Sources */ = {isa = PBXBuildFile; fileRef = C05245C920499C1100A80F85 /* CreateWaitViewController.m */; };
		C05245CD2049A63E00A80F85 /* BackView.m in Sources */ = {isa = PBXBuildFile; fileRef = C05245CC2049A63E00A80F85 /* BackView.m */; };
		C0CF0917204A25D700E2A4D1 /* SGQRCode.bundle in Resources */ = {isa = PBXBuildFile; fileRef = C0CF0909204A25D700E2A4D1 /* SGQRCode.bundle */; };
		C0CF0918204A25D700E2A4D1 /* UIImage+SGImageSize.m in Sources */ = {isa = PBXBuildFile; fileRef = C0CF090B204A25D700E2A4D1 /* UIImage+SGImageSize.m */; };
		C0CF0919204A25D700E2A4D1 /* SGQRCodeHelperTool.m in Sources */ = {isa = PBXBuildFile; fileRef = C0CF090D204A25D700E2A4D1 /* SGQRCodeHelperTool.m */; };
		C0CF091A204A25D700E2A4D1 /* SGQRCodeScanningView.m in Sources */ = {isa = PBXBuildFile; fileRef = C0CF090E204A25D700E2A4D1 /* SGQRCodeScanningView.m */; };
		C0CF091B204A25D700E2A4D1 /* SGQRCodeScanManager.m in Sources */ = {isa = PBXBuildFile; fileRef = C0CF090F204A25D700E2A4D1 /* SGQRCodeScanManager.m */; };
		C0CF091C204A25D700E2A4D1 /* SGQRCodeGenerateManager.m in Sources */ = {isa = PBXBuildFile; fileRef = C0CF0910204A25D700E2A4D1 /* SGQRCodeGenerateManager.m */; };
		C0CF091D204A25D700E2A4D1 /* SGQRCodeAlbumManager.m in Sources */ = {isa = PBXBuildFile; fileRef = C0CF0915204A25D700E2A4D1 /* SGQRCodeAlbumManager.m */; };
		D41C157C20413FD800174D80 /* CreateView.m in Sources */ = {isa = PBXBuildFile; fileRef = D41C157B20413FD800174D80 /* CreateView.m */; };
		D41C158020416A8000174D80 /* UIImage+LXQRCode.m in Sources */ = {isa = PBXBuildFile; fileRef = D41C157F20416A8000174D80 /* UIImage+LXQRCode.m */; };
		D41C15832043A5FF00174D80 /* UIImage+colorImage.m in Sources */ = {isa = PBXBuildFile; fileRef = D41C15822043A5FF00174D80 /* UIImage+colorImage.m */; };
		D41C15862043E2B100174D80 /* InfoPlist.strings in Resources */ = {isa = PBXBuildFile; fileRef = D41C15882043E2B100174D80 /* InfoPlist.strings */; };
		D41C16412045379000174D80 /* ImportViewController.m in Sources */ = {isa = PBXBuildFile; fileRef = D41C16402045379000174D80 /* ImportViewController.m */; };
		D48AC8DD20454E5E00720E67 /* ImportEnterViewController.m in Sources */ = {isa = PBXBuildFile; fileRef = D48AC8DC20454E5E00720E67 /* ImportEnterViewController.m */; };
		D494195C203EB32B00F3A3DB /* js in Resources */ = {isa = PBXBuildFile; fileRef = D494195B203EB32B00F3A3DB /* js */; };
		D494195F203EB4D300F3A3DB /* BrowserView.m in Sources */ = {isa = PBXBuildFile; fileRef = D494195E203EB4D300F3A3DB /* BrowserView.m */; };
		D4FDA77E20218E5D007F47D9 /* AppDelegate.m in Sources */ = {isa = PBXBuildFile; fileRef = D4FDA77D20218E5D007F47D9 /* AppDelegate.m */; };
		D4FDA78120218E5D007F47D9 /* ViewController.m in Sources */ = {isa = PBXBuildFile; fileRef = D4FDA78020218E5D007F47D9 /* ViewController.m */; };
		D4FDA78620218E5D007F47D9 /* Assets.xcassets in Resources */ = {isa = PBXBuildFile; fileRef = D4FDA78520218E5D007F47D9 /* Assets.xcassets */; };
		D4FDA78C20218E5D007F47D9 /* main.m in Sources */ = {isa = PBXBuildFile; fileRef = D4FDA78B20218E5D007F47D9 /* main.m */; };
		D4FDA79620218E5D007F47D9 /* OnChainTests.m in Sources */ = {isa = PBXBuildFile; fileRef = D4FDA79520218E5D007F47D9 /* OnChainTests.m */; };
		D4FDA7A120218E5D007F47D9 /* OnChainUITests.m in Sources */ = {isa = PBXBuildFile; fileRef = D4FDA7A020218E5D007F47D9 /* OnChainUITests.m */; };
		D4FDA7F52021A182007F47D9 /* BaseViewController.m in Sources */ = {isa = PBXBuildFile; fileRef = D4FDA7F02021A181007F47D9 /* BaseViewController.m */; };
		D4FDA7F62021A182007F47D9 /* UIViewController+DismissKeyboard.m in Sources */ = {isa = PBXBuildFile; fileRef = D4FDA7F12021A181007F47D9 /* UIViewController+DismissKeyboard.m */; };
		D4FDA7F72021A182007F47D9 /* BaseNavigationViewController.m in Sources */ = {isa = PBXBuildFile; fileRef = D4FDA7F42021A181007F47D9 /* BaseNavigationViewController.m */; };
		D4FDA7FC2021A3C9007F47D9 /* UIViewController+HUD.m in Sources */ = {isa = PBXBuildFile; fileRef = D4FDA7FA2021A3C9007F47D9 /* UIViewController+HUD.m */; };
		D4FDA80E2021A943007F47D9 /* CCRequest.m in Sources */ = {isa = PBXBuildFile; fileRef = D4FDA80D2021A943007F47D9 /* CCRequest.m */; };
		D4FDA81D2022DF95007F47D9 /* Common.m in Sources */ = {isa = PBXBuildFile; fileRef = D4FDA81C2022DF95007F47D9 /* Common.m */; };
		D4FDA98120295273007F47D9 /* UserModel.m in Sources */ = {isa = PBXBuildFile; fileRef = D4FDA98020295273007F47D9 /* UserModel.m */; };
		D4FDA987202A9F6C007F47D9 /* HomeViewController.m in Sources */ = {isa = PBXBuildFile; fileRef = D4FDA986202A9F6C007F47D9 /* HomeViewController.m */; };
		D4FDA98A202A9F75007F47D9 /* CreateViewController.m in Sources */ = {isa = PBXBuildFile; fileRef = D4FDA989202A9F75007F47D9 /* CreateViewController.m */; };
/* End PBXBuildFile section */

/* Begin PBXContainerItemProxy section */
		D4FDA79220218E5D007F47D9 /* PBXContainerItemProxy */ = {
			isa = PBXContainerItemProxy;
			containerPortal = D4FDA77120218E5D007F47D9 /* Project object */;
			proxyType = 1;
			remoteGlobalIDString = D4FDA77820218E5D007F47D9;
			remoteInfo = OnChain;
		};
		D4FDA79D20218E5D007F47D9 /* PBXContainerItemProxy */ = {
			isa = PBXContainerItemProxy;
			containerPortal = D4FDA77120218E5D007F47D9 /* Project object */;
			proxyType = 1;
			remoteGlobalIDString = D4FDA77820218E5D007F47D9;
			remoteInfo = OnChain;
		};
/* End PBXContainerItemProxy section */

/* Begin PBXCopyFilesBuildPhase section */
		D4FDA8162022DAB6007F47D9 /* Embed Frameworks */ = {
			isa = PBXCopyFilesBuildPhase;
			buildActionMask = 2147483647;
			dstPath = "";
			dstSubfolderSpec = 10;
			files = (
			);
			name = "Embed Frameworks";
			runOnlyForDeploymentPostprocessing = 0;
		};
/* End PBXCopyFilesBuildPhase section */

/* Begin PBXFileReference section */
		1237F2E1204FFF8700ED5447 /* ImageIO.framework */ = {isa = PBXFileReference; lastKnownFileType = wrapper.framework; name = ImageIO.framework; path = System/Library/Frameworks/ImageIO.framework; sourceTree = SDKROOT; };
		1237F2E820510DA600ED5447 /* IdentityViewController.h */ = {isa = PBXFileReference; fileEncoding = 4; lastKnownFileType = sourcecode.c.h; path = IdentityViewController.h; sourceTree = "<group>"; };
		1237F2E920510DA600ED5447 /* IdentityViewController.m */ = {isa = PBXFileReference; fileEncoding = 4; lastKnownFileType = sourcecode.c.objc; path = IdentityViewController.m; sourceTree = "<group>"; };
		1237F2EA20510DA600ED5447 /* IdentityViewController.xib */ = {isa = PBXFileReference; fileEncoding = 4; lastKnownFileType = file.xib; path = IdentityViewController.xib; sourceTree = "<group>"; };
		12ADD48E20528F4F003A55E6 /* MineViewController.h */ = {isa = PBXFileReference; lastKnownFileType = sourcecode.c.h; path = MineViewController.h; sourceTree = "<group>"; };
		12ADD48F20528F4F003A55E6 /* MineViewController.m */ = {isa = PBXFileReference; lastKnownFileType = sourcecode.c.objc; path = MineViewController.m; sourceTree = "<group>"; };
		12ADD49020528F4F003A55E6 /* MineViewController.xib */ = {isa = PBXFileReference; lastKnownFileType = file.xib; path = MineViewController.xib; sourceTree = "<group>"; };
		12ADD4942052A595003A55E6 /* MineCell.h */ = {isa = PBXFileReference; lastKnownFileType = sourcecode.c.h; path = MineCell.h; sourceTree = "<group>"; };
		12ADD4952052A595003A55E6 /* MineCell.m */ = {isa = PBXFileReference; lastKnownFileType = sourcecode.c.objc; path = MineCell.m; sourceTree = "<group>"; };
		12ADD4962052A595003A55E6 /* MineCell.xib */ = {isa = PBXFileReference; lastKnownFileType = file.xib; path = MineCell.xib; sourceTree = "<group>"; };
		12ADD4992052B2A0003A55E6 /* IDCell.h */ = {isa = PBXFileReference; lastKnownFileType = sourcecode.c.h; path = IDCell.h; sourceTree = "<group>"; };
		12ADD49A2052B2A0003A55E6 /* IDCell.m */ = {isa = PBXFileReference; lastKnownFileType = sourcecode.c.objc; path = IDCell.m; sourceTree = "<group>"; };
		12ADD49B2052B2A0003A55E6 /* IDCell.xib */ = {isa = PBXFileReference; lastKnownFileType = file.xib; path = IDCell.xib; sourceTree = "<group>"; };
		12F0C8D32051217E00D54FA8 /* IndentityCell.h */ = {isa = PBXFileReference; fileEncoding = 4; lastKnownFileType = sourcecode.c.h; path = IndentityCell.h; sourceTree = "<group>"; };
		12F0C8D42051217E00D54FA8 /* IndentityCell.m */ = {isa = PBXFileReference; fileEncoding = 4; lastKnownFileType = sourcecode.c.objc; path = IndentityCell.m; sourceTree = "<group>"; };
		12F0C8D52051217E00D54FA8 /* IndentityCell.xib */ = {isa = PBXFileReference; fileEncoding = 4; lastKnownFileType = file.xib; path = IndentityCell.xib; sourceTree = "<group>"; };
		12F0C8D92051306500D54FA8 /* UIView+Scale.h */ = {isa = PBXFileReference; fileEncoding = 4; lastKnownFileType = sourcecode.c.h; path = "UIView+Scale.h"; sourceTree = "<group>"; };
		12F0C8DA2051306500D54FA8 /* UIView+Scale.m */ = {isa = PBXFileReference; fileEncoding = 4; lastKnownFileType = sourcecode.c.objc; path = "UIView+Scale.m"; sourceTree = "<group>"; };
		12F0C8DC20514A7800D54FA8 /* WebIdentityViewController.h */ = {isa = PBXFileReference; fileEncoding = 4; lastKnownFileType = sourcecode.c.h; path = WebIdentityViewController.h; sourceTree = "<group>"; };
		12F0C8DD20514A7800D54FA8 /* WebIdentityViewController.m */ = {isa = PBXFileReference; fileEncoding = 4; lastKnownFileType = sourcecode.c.objc; path = WebIdentityViewController.m; sourceTree = "<group>"; };
		405A6F2344E188C2CCAEA225 /* libPods-OnChain.a */ = {isa = PBXFileReference; explicitFileType = archive.ar; includeInIndex = 0; path = "libPods-OnChain.a"; sourceTree = BUILT_PRODUCTS_DIR; };
		628AC3BF4316BC39587835F5 /* Pods-OnChain.release.xcconfig */ = {isa = PBXFileReference; includeInIndex = 1; lastKnownFileType = text.xcconfig; name = "Pods-OnChain.release.xcconfig"; path = "Pods/Target Support Files/Pods-OnChain/Pods-OnChain.release.xcconfig"; sourceTree = "<group>"; };
		761AD0B5FBDAD9C5B7B1A849 /* Pods-OnChain.debug.xcconfig */ = {isa = PBXFileReference; includeInIndex = 1; lastKnownFileType = text.xcconfig; name = "Pods-OnChain.debug.xcconfig"; path = "Pods/Target Support Files/Pods-OnChain/Pods-OnChain.debug.xcconfig"; sourceTree = "<group>"; };
		C05245BA2047E95500A80F85 /* CapitalViewController.h */ = {isa = PBXFileReference; lastKnownFileType = sourcecode.c.h; path = CapitalViewController.h; sourceTree = "<group>"; };
		C05245BB2047E95500A80F85 /* CapitalViewController.m */ = {isa = PBXFileReference; lastKnownFileType = sourcecode.c.objc; path = CapitalViewController.m; sourceTree = "<group>"; };
		C05245BE204979E400A80F85 /* PwdEnterView.h */ = {isa = PBXFileReference; fileEncoding = 4; lastKnownFileType = sourcecode.c.h; path = PwdEnterView.h; sourceTree = "<group>"; };
		C05245BF204979E400A80F85 /* PwdEnterView.m */ = {isa = PBXFileReference; fileEncoding = 4; lastKnownFileType = sourcecode.c.objc; path = PwdEnterView.m; sourceTree = "<group>"; };
		C05245C220497A3100A80F85 /* OTAlertView.h */ = {isa = PBXFileReference; lastKnownFileType = sourcecode.c.h; path = OTAlertView.h; sourceTree = "<group>"; };
		C05245C320497A3100A80F85 /* OTAlertView.m */ = {isa = PBXFileReference; lastKnownFileType = sourcecode.c.objc; path = OTAlertView.m; sourceTree = "<group>"; };
		C05245C520497FB300A80F85 /* CreatePwdViewController.h */ = {isa = PBXFileReference; lastKnownFileType = sourcecode.c.h; path = CreatePwdViewController.h; sourceTree = "<group>"; };
		C05245C620497FB300A80F85 /* CreatePwdViewController.m */ = {isa = PBXFileReference; lastKnownFileType = sourcecode.c.objc; path = CreatePwdViewController.m; sourceTree = "<group>"; };
		C05245C820499C1100A80F85 /* CreateWaitViewController.h */ = {isa = PBXFileReference; lastKnownFileType = sourcecode.c.h; path = CreateWaitViewController.h; sourceTree = "<group>"; };
		C05245C920499C1100A80F85 /* CreateWaitViewController.m */ = {isa = PBXFileReference; lastKnownFileType = sourcecode.c.objc; path = CreateWaitViewController.m; sourceTree = "<group>"; };
		C05245CB2049A63E00A80F85 /* BackView.h */ = {isa = PBXFileReference; lastKnownFileType = sourcecode.c.h; path = BackView.h; sourceTree = "<group>"; };
		C05245CC2049A63E00A80F85 /* BackView.m */ = {isa = PBXFileReference; lastKnownFileType = sourcecode.c.objc; path = BackView.m; sourceTree = "<group>"; };
		C0CF0908204A25D700E2A4D1 /* SGQRCode.h */ = {isa = PBXFileReference; fileEncoding = 4; lastKnownFileType = sourcecode.c.h; path = SGQRCode.h; sourceTree = "<group>"; };
		C0CF0909204A25D700E2A4D1 /* SGQRCode.bundle */ = {isa = PBXFileReference; lastKnownFileType = "wrapper.plug-in"; path = SGQRCode.bundle; sourceTree = "<group>"; };
		C0CF090B204A25D700E2A4D1 /* UIImage+SGImageSize.m */ = {isa = PBXFileReference; fileEncoding = 4; lastKnownFileType = sourcecode.c.objc; path = "UIImage+SGImageSize.m"; sourceTree = "<group>"; };
		C0CF090C204A25D700E2A4D1 /* UIImage+SGImageSize.h */ = {isa = PBXFileReference; fileEncoding = 4; lastKnownFileType = sourcecode.c.h; path = "UIImage+SGImageSize.h"; sourceTree = "<group>"; };
		C0CF090D204A25D700E2A4D1 /* SGQRCodeHelperTool.m */ = {isa = PBXFileReference; fileEncoding = 4; lastKnownFileType = sourcecode.c.objc; path = SGQRCodeHelperTool.m; sourceTree = "<group>"; };
		C0CF090E204A25D700E2A4D1 /* SGQRCodeScanningView.m */ = {isa = PBXFileReference; fileEncoding = 4; lastKnownFileType = sourcecode.c.objc; path = SGQRCodeScanningView.m; sourceTree = "<group>"; };
		C0CF090F204A25D700E2A4D1 /* SGQRCodeScanManager.m */ = {isa = PBXFileReference; fileEncoding = 4; lastKnownFileType = sourcecode.c.objc; path = SGQRCodeScanManager.m; sourceTree = "<group>"; };
		C0CF0910204A25D700E2A4D1 /* SGQRCodeGenerateManager.m */ = {isa = PBXFileReference; fileEncoding = 4; lastKnownFileType = sourcecode.c.objc; path = SGQRCodeGenerateManager.m; sourceTree = "<group>"; };
		C0CF0911204A25D700E2A4D1 /* SGQRCodeAlbumManager.h */ = {isa = PBXFileReference; fileEncoding = 4; lastKnownFileType = sourcecode.c.h; path = SGQRCodeAlbumManager.h; sourceTree = "<group>"; };
		C0CF0912204A25D700E2A4D1 /* SGQRCodeHelperTool.h */ = {isa = PBXFileReference; fileEncoding = 4; lastKnownFileType = sourcecode.c.h; path = SGQRCodeHelperTool.h; sourceTree = "<group>"; };
		C0CF0913204A25D700E2A4D1 /* SGQRCodeScanningView.h */ = {isa = PBXFileReference; fileEncoding = 4; lastKnownFileType = sourcecode.c.h; path = SGQRCodeScanningView.h; sourceTree = "<group>"; };
		C0CF0914204A25D700E2A4D1 /* SGQRCodeScanManager.h */ = {isa = PBXFileReference; fileEncoding = 4; lastKnownFileType = sourcecode.c.h; path = SGQRCodeScanManager.h; sourceTree = "<group>"; };
		C0CF0915204A25D700E2A4D1 /* SGQRCodeAlbumManager.m */ = {isa = PBXFileReference; fileEncoding = 4; lastKnownFileType = sourcecode.c.objc; path = SGQRCodeAlbumManager.m; sourceTree = "<group>"; };
		C0CF0916204A25D700E2A4D1 /* SGQRCodeGenerateManager.h */ = {isa = PBXFileReference; fileEncoding = 4; lastKnownFileType = sourcecode.c.h; path = SGQRCodeGenerateManager.h; sourceTree = "<group>"; };
		D41C157A20413FD800174D80 /* CreateView.h */ = {isa = PBXFileReference; lastKnownFileType = sourcecode.c.h; path = CreateView.h; sourceTree = "<group>"; };
		D41C157B20413FD800174D80 /* CreateView.m */ = {isa = PBXFileReference; lastKnownFileType = sourcecode.c.objc; path = CreateView.m; sourceTree = "<group>"; };
		D41C157E20416A8000174D80 /* UIImage+LXQRCode.h */ = {isa = PBXFileReference; fileEncoding = 4; lastKnownFileType = sourcecode.c.h; path = "UIImage+LXQRCode.h"; sourceTree = "<group>"; };
		D41C157F20416A8000174D80 /* UIImage+LXQRCode.m */ = {isa = PBXFileReference; fileEncoding = 4; lastKnownFileType = sourcecode.c.objc; path = "UIImage+LXQRCode.m"; sourceTree = "<group>"; };
		D41C15812043A5FF00174D80 /* UIImage+colorImage.h */ = {isa = PBXFileReference; fileEncoding = 4; lastKnownFileType = sourcecode.c.h; path = "UIImage+colorImage.h"; sourceTree = "<group>"; };
		D41C15822043A5FF00174D80 /* UIImage+colorImage.m */ = {isa = PBXFileReference; fileEncoding = 4; lastKnownFileType = sourcecode.c.objc; path = "UIImage+colorImage.m"; sourceTree = "<group>"; };
		D41C15872043E2B100174D80 /* en */ = {isa = PBXFileReference; lastKnownFileType = text.plist.strings; name = en; path = en.lproj/InfoPlist.strings; sourceTree = "<group>"; };
		D41C158A2043E37B00174D80 /* zh-Hans */ = {isa = PBXFileReference; lastKnownFileType = text.plist.strings; name = "zh-Hans"; path = "zh-Hans.lproj/InfoPlist.strings"; sourceTree = "<group>"; };
		D41C163F2045379000174D80 /* ImportViewController.h */ = {isa = PBXFileReference; lastKnownFileType = sourcecode.c.h; path = ImportViewController.h; sourceTree = "<group>"; };
		D41C16402045379000174D80 /* ImportViewController.m */ = {isa = PBXFileReference; lastKnownFileType = sourcecode.c.objc; path = ImportViewController.m; sourceTree = "<group>"; };
		D48AC8DB20454E5E00720E67 /* ImportEnterViewController.h */ = {isa = PBXFileReference; lastKnownFileType = sourcecode.c.h; path = ImportEnterViewController.h; sourceTree = "<group>"; };
		D48AC8DC20454E5E00720E67 /* ImportEnterViewController.m */ = {isa = PBXFileReference; lastKnownFileType = sourcecode.c.objc; path = ImportEnterViewController.m; sourceTree = "<group>"; };
		D494195B203EB32B00F3A3DB /* js */ = {isa = PBXFileReference; lastKnownFileType = folder; path = js; sourceTree = "<group>"; };
		D494195D203EB4D300F3A3DB /* BrowserView.h */ = {isa = PBXFileReference; lastKnownFileType = sourcecode.c.h; path = BrowserView.h; sourceTree = "<group>"; };
		D494195E203EB4D300F3A3DB /* BrowserView.m */ = {isa = PBXFileReference; lastKnownFileType = sourcecode.c.objc; path = BrowserView.m; sourceTree = "<group>"; };
		D4FDA77920218E5D007F47D9 /* OnChain.app */ = {isa = PBXFileReference; explicitFileType = wrapper.application; includeInIndex = 0; path = OnChain.app; sourceTree = BUILT_PRODUCTS_DIR; };
		D4FDA77C20218E5D007F47D9 /* AppDelegate.h */ = {isa = PBXFileReference; lastKnownFileType = sourcecode.c.h; path = AppDelegate.h; sourceTree = "<group>"; };
		D4FDA77D20218E5D007F47D9 /* AppDelegate.m */ = {isa = PBXFileReference; lastKnownFileType = sourcecode.c.objc; path = AppDelegate.m; sourceTree = "<group>"; };
		D4FDA77F20218E5D007F47D9 /* ViewController.h */ = {isa = PBXFileReference; lastKnownFileType = sourcecode.c.h; path = ViewController.h; sourceTree = "<group>"; };
		D4FDA78020218E5D007F47D9 /* ViewController.m */ = {isa = PBXFileReference; lastKnownFileType = sourcecode.c.objc; path = ViewController.m; sourceTree = "<group>"; };
		D4FDA78520218E5D007F47D9 /* Assets.xcassets */ = {isa = PBXFileReference; lastKnownFileType = folder.assetcatalog; path = Assets.xcassets; sourceTree = "<group>"; };
		D4FDA78A20218E5D007F47D9 /* Info.plist */ = {isa = PBXFileReference; lastKnownFileType = text.plist.xml; path = Info.plist; sourceTree = "<group>"; };
		D4FDA78B20218E5D007F47D9 /* main.m */ = {isa = PBXFileReference; lastKnownFileType = sourcecode.c.objc; path = main.m; sourceTree = "<group>"; };
		D4FDA79120218E5D007F47D9 /* OnChainTests.xctest */ = {isa = PBXFileReference; explicitFileType = wrapper.cfbundle; includeInIndex = 0; path = OnChainTests.xctest; sourceTree = BUILT_PRODUCTS_DIR; };
		D4FDA79520218E5D007F47D9 /* OnChainTests.m */ = {isa = PBXFileReference; lastKnownFileType = sourcecode.c.objc; path = OnChainTests.m; sourceTree = "<group>"; };
		D4FDA79720218E5D007F47D9 /* Info.plist */ = {isa = PBXFileReference; lastKnownFileType = text.plist.xml; path = Info.plist; sourceTree = "<group>"; };
		D4FDA79C20218E5D007F47D9 /* OnChainUITests.xctest */ = {isa = PBXFileReference; explicitFileType = wrapper.cfbundle; includeInIndex = 0; path = OnChainUITests.xctest; sourceTree = BUILT_PRODUCTS_DIR; };
		D4FDA7A020218E5D007F47D9 /* OnChainUITests.m */ = {isa = PBXFileReference; lastKnownFileType = sourcecode.c.objc; path = OnChainUITests.m; sourceTree = "<group>"; };
		D4FDA7A220218E5D007F47D9 /* Info.plist */ = {isa = PBXFileReference; lastKnownFileType = text.plist.xml; path = Info.plist; sourceTree = "<group>"; };
		D4FDA7EF2021A181007F47D9 /* BaseViewController.h */ = {isa = PBXFileReference; fileEncoding = 4; lastKnownFileType = sourcecode.c.h; path = BaseViewController.h; sourceTree = "<group>"; };
		D4FDA7F02021A181007F47D9 /* BaseViewController.m */ = {isa = PBXFileReference; fileEncoding = 4; lastKnownFileType = sourcecode.c.objc; path = BaseViewController.m; sourceTree = "<group>"; };
		D4FDA7F12021A181007F47D9 /* UIViewController+DismissKeyboard.m */ = {isa = PBXFileReference; fileEncoding = 4; lastKnownFileType = sourcecode.c.objc; path = "UIViewController+DismissKeyboard.m"; sourceTree = "<group>"; };
		D4FDA7F22021A181007F47D9 /* UIViewController+DismissKeyboard.h */ = {isa = PBXFileReference; fileEncoding = 4; lastKnownFileType = sourcecode.c.h; path = "UIViewController+DismissKeyboard.h"; sourceTree = "<group>"; };
		D4FDA7F32021A181007F47D9 /* BaseNavigationViewController.h */ = {isa = PBXFileReference; fileEncoding = 4; lastKnownFileType = sourcecode.c.h; path = BaseNavigationViewController.h; sourceTree = "<group>"; };
		D4FDA7F42021A181007F47D9 /* BaseNavigationViewController.m */ = {isa = PBXFileReference; fileEncoding = 4; lastKnownFileType = sourcecode.c.objc; path = BaseNavigationViewController.m; sourceTree = "<group>"; };
		D4FDA7F82021A27E007F47D9 /* Config.h */ = {isa = PBXFileReference; lastKnownFileType = sourcecode.c.h; path = Config.h; sourceTree = "<group>"; };
		D4FDA7FA2021A3C9007F47D9 /* UIViewController+HUD.m */ = {isa = PBXFileReference; fileEncoding = 4; lastKnownFileType = sourcecode.c.objc; path = "UIViewController+HUD.m"; sourceTree = "<group>"; };
		D4FDA7FB2021A3C9007F47D9 /* UIViewController+HUD.h */ = {isa = PBXFileReference; fileEncoding = 4; lastKnownFileType = sourcecode.c.h; path = "UIViewController+HUD.h"; sourceTree = "<group>"; };
		D4FDA80B2021A8FA007F47D9 /* Api.h */ = {isa = PBXFileReference; lastKnownFileType = sourcecode.c.h; path = Api.h; sourceTree = "<group>"; };
		D4FDA80C2021A943007F47D9 /* CCRequest.h */ = {isa = PBXFileReference; lastKnownFileType = sourcecode.c.h; path = CCRequest.h; sourceTree = "<group>"; };
		D4FDA80D2021A943007F47D9 /* CCRequest.m */ = {isa = PBXFileReference; lastKnownFileType = sourcecode.c.objc; path = CCRequest.m; sourceTree = "<group>"; };
		D4FDA81B2022DF95007F47D9 /* Common.h */ = {isa = PBXFileReference; lastKnownFileType = sourcecode.c.h; path = Common.h; sourceTree = "<group>"; };
		D4FDA81C2022DF95007F47D9 /* Common.m */ = {isa = PBXFileReference; lastKnownFileType = sourcecode.c.objc; path = Common.m; sourceTree = "<group>"; };
		D4FDA97F20295273007F47D9 /* UserModel.h */ = {isa = PBXFileReference; lastKnownFileType = sourcecode.c.h; path = UserModel.h; sourceTree = "<group>"; };
		D4FDA98020295273007F47D9 /* UserModel.m */ = {isa = PBXFileReference; lastKnownFileType = sourcecode.c.objc; path = UserModel.m; sourceTree = "<group>"; };
		D4FDA985202A9F6C007F47D9 /* HomeViewController.h */ = {isa = PBXFileReference; lastKnownFileType = sourcecode.c.h; path = HomeViewController.h; sourceTree = "<group>"; };
		D4FDA986202A9F6C007F47D9 /* HomeViewController.m */ = {isa = PBXFileReference; lastKnownFileType = sourcecode.c.objc; path = HomeViewController.m; sourceTree = "<group>"; };
		D4FDA988202A9F75007F47D9 /* CreateViewController.h */ = {isa = PBXFileReference; lastKnownFileType = sourcecode.c.h; path = CreateViewController.h; sourceTree = "<group>"; };
		D4FDA989202A9F75007F47D9 /* CreateViewController.m */ = {isa = PBXFileReference; lastKnownFileType = sourcecode.c.objc; path = CreateViewController.m; sourceTree = "<group>"; };
/* End PBXFileReference section */

/* Begin PBXFrameworksBuildPhase section */
		D4FDA77620218E5D007F47D9 /* Frameworks */ = {
			isa = PBXFrameworksBuildPhase;
			buildActionMask = 2147483647;
			files = (
				1237F2E2204FFF8700ED5447 /* ImageIO.framework in Frameworks */,
				098438A0D842EE5CFD7C0244 /* libPods-OnChain.a in Frameworks */,
			);
			runOnlyForDeploymentPostprocessing = 0;
		};
		D4FDA78E20218E5D007F47D9 /* Frameworks */ = {
			isa = PBXFrameworksBuildPhase;
			buildActionMask = 2147483647;
			files = (
			);
			runOnlyForDeploymentPostprocessing = 0;
		};
		D4FDA79920218E5D007F47D9 /* Frameworks */ = {
			isa = PBXFrameworksBuildPhase;
			buildActionMask = 2147483647;
			files = (
			);
			runOnlyForDeploymentPostprocessing = 0;
		};
/* End PBXFrameworksBuildPhase section */

/* Begin PBXGroup section */
		12ADD4932052A57D003A55E6 /* Cell */ = {
			isa = PBXGroup;
			children = (
				12ADD4942052A595003A55E6 /* MineCell.h */,
				12ADD4952052A595003A55E6 /* MineCell.m */,
				12ADD4962052A595003A55E6 /* MineCell.xib */,
				12ADD4992052B2A0003A55E6 /* IDCell.h */,
				12ADD49A2052B2A0003A55E6 /* IDCell.m */,
				12ADD49B2052B2A0003A55E6 /* IDCell.xib */,
			);
			path = Cell;
			sourceTree = "<group>";
		};
		12F0C8D220511EE300D54FA8 /* Cell */ = {
			isa = PBXGroup;
			children = (
				12F0C8D32051217E00D54FA8 /* IndentityCell.h */,
				12F0C8D42051217E00D54FA8 /* IndentityCell.m */,
				12F0C8D52051217E00D54FA8 /* IndentityCell.xib */,
			);
			name = Cell;
			sourceTree = "<group>";
		};
		12F0C8D82051305D00D54FA8 /* UIView+Scale */ = {
			isa = PBXGroup;
			children = (
				12F0C8D92051306500D54FA8 /* UIView+Scale.h */,
				12F0C8DA2051306500D54FA8 /* UIView+Scale.m */,
			);
			name = "UIView+Scale";
			sourceTree = "<group>";
		};
		7171521D9583A0AE713AEE79 /* Pods */ = {
			isa = PBXGroup;
			children = (
				761AD0B5FBDAD9C5B7B1A849 /* Pods-OnChain.debug.xcconfig */,
				628AC3BF4316BC39587835F5 /* Pods-OnChain.release.xcconfig */,
			);
			name = Pods;
			sourceTree = "<group>";
		};
		C05245B82047E94300A80F85 /* Capital */ = {
			isa = PBXGroup;
			children = (
				C05245B92047E94300A80F85 /* Controls */,
			);
			path = Capital;
			sourceTree = "<group>";
		};
		C05245B92047E94300A80F85 /* Controls */ = {
			isa = PBXGroup;
			children = (
				C05245BA2047E95500A80F85 /* CapitalViewController.h */,
				C05245BB2047E95500A80F85 /* CapitalViewController.m */,
			);
			path = Controls;
			sourceTree = "<group>";
		};
		C05245BD204979E400A80F85 /* PWDEnter */ = {
			isa = PBXGroup;
			children = (
				C05245BE204979E400A80F85 /* PwdEnterView.h */,
				C05245BF204979E400A80F85 /* PwdEnterView.m */,
			);
			path = PWDEnter;
			sourceTree = "<group>";
		};
		C05245C1204979F700A80F85 /* AlertView */ = {
			isa = PBXGroup;
			children = (
				C05245C220497A3100A80F85 /* OTAlertView.h */,
				C05245C320497A3100A80F85 /* OTAlertView.m */,
			);
			path = AlertView;
			sourceTree = "<group>";
		};
		C0CF0906204A25D700E2A4D1 /* 3rd */ = {
			isa = PBXGroup;
			children = (
				C0CF0907204A25D700E2A4D1 /* SGQRCode */,
			);
			path = 3rd;
			sourceTree = "<group>";
		};
		C0CF0907204A25D700E2A4D1 /* SGQRCode */ = {
			isa = PBXGroup;
			children = (
				C0CF0908204A25D700E2A4D1 /* SGQRCode.h */,
				C0CF0909204A25D700E2A4D1 /* SGQRCode.bundle */,
				C0CF090A204A25D700E2A4D1 /* Category */,
				C0CF090D204A25D700E2A4D1 /* SGQRCodeHelperTool.m */,
				C0CF090E204A25D700E2A4D1 /* SGQRCodeScanningView.m */,
				C0CF090F204A25D700E2A4D1 /* SGQRCodeScanManager.m */,
				C0CF0910204A25D700E2A4D1 /* SGQRCodeGenerateManager.m */,
				C0CF0911204A25D700E2A4D1 /* SGQRCodeAlbumManager.h */,
				C0CF0912204A25D700E2A4D1 /* SGQRCodeHelperTool.h */,
				C0CF0913204A25D700E2A4D1 /* SGQRCodeScanningView.h */,
				C0CF0914204A25D700E2A4D1 /* SGQRCodeScanManager.h */,
				C0CF0915204A25D700E2A4D1 /* SGQRCodeAlbumManager.m */,
				C0CF0916204A25D700E2A4D1 /* SGQRCodeGenerateManager.h */,
			);
			path = SGQRCode;
			sourceTree = "<group>";
		};
		C0CF090A204A25D700E2A4D1 /* Category */ = {
			isa = PBXGroup;
			children = (
				C0CF090B204A25D700E2A4D1 /* UIImage+SGImageSize.m */,
				C0CF090C204A25D700E2A4D1 /* UIImage+SGImageSize.h */,
			);
			path = Category;
			sourceTree = "<group>";
		};
		D210B76355B2308FAB6CD159 /* Frameworks */ = {
			isa = PBXGroup;
			children = (
				1237F2E1204FFF8700ED5447 /* ImageIO.framework */,
				405A6F2344E188C2CCAEA225 /* libPods-OnChain.a */,
			);
			name = Frameworks;
			sourceTree = "<group>";
		};
		D41C157D20416A8000174D80 /* LXQRCode */ = {
			isa = PBXGroup;
			children = (
				D41C15812043A5FF00174D80 /* UIImage+colorImage.h */,
				D41C15822043A5FF00174D80 /* UIImage+colorImage.m */,
				D41C157E20416A8000174D80 /* UIImage+LXQRCode.h */,
				D41C157F20416A8000174D80 /* UIImage+LXQRCode.m */,
			);
			path = LXQRCode;
			sourceTree = "<group>";
		};
		D4FDA77020218E5D007F47D9 = {
			isa = PBXGroup;
			children = (
				D494195B203EB32B00F3A3DB /* js */,
				D4FDA77B20218E5D007F47D9 /* OnChain */,
				D4FDA79420218E5D007F47D9 /* OnChainTests */,
				D4FDA79F20218E5D007F47D9 /* OnChainUITests */,
				D4FDA77A20218E5D007F47D9 /* Products */,
				7171521D9583A0AE713AEE79 /* Pods */,
				D210B76355B2308FAB6CD159 /* Frameworks */,
			);
			sourceTree = "<group>";
		};
		D4FDA77A20218E5D007F47D9 /* Products */ = {
			isa = PBXGroup;
			children = (
				D4FDA77920218E5D007F47D9 /* OnChain.app */,
				D4FDA79120218E5D007F47D9 /* OnChainTests.xctest */,
				D4FDA79C20218E5D007F47D9 /* OnChainUITests.xctest */,
			);
			name = Products;
			sourceTree = "<group>";
		};
		D4FDA77B20218E5D007F47D9 /* OnChain */ = {
			isa = PBXGroup;
			children = (
				C0CF0906204A25D700E2A4D1 /* 3rd */,
				C05245B82047E94300A80F85 /* Capital */,
				D4FDA982202A98F7007F47D9 /* Home */,
				D4FDA9752029521C007F47D9 /* Identity */,
				D4FDA9762029521D007F47D9 /* Mine */,
				D4FDA9742029521C007F47D9 /* Models */,
				D4FDA7FD2021A6CC007F47D9 /* Common */,
				D4FDA80A2021A6CD007F47D9 /* Network */,
				D4FDA7EE2021A0D3007F47D9 /* Config */,
				D4FDA7ED20219FB8007F47D9 /* Base */,
				D4FDA7EC20219FB8007F47D9 /* Utils */,
				D4FDA77C20218E5D007F47D9 /* AppDelegate.h */,
				D4FDA77D20218E5D007F47D9 /* AppDelegate.m */,
				D4FDA77F20218E5D007F47D9 /* ViewController.h */,
				D4FDA78020218E5D007F47D9 /* ViewController.m */,
				D4FDA78520218E5D007F47D9 /* Assets.xcassets */,
				D4FDA78A20218E5D007F47D9 /* Info.plist */,
				D4FDA78B20218E5D007F47D9 /* main.m */,
				D41C15882043E2B100174D80 /* InfoPlist.strings */,
			);
			path = OnChain;
			sourceTree = "<group>";
		};
		D4FDA79420218E5D007F47D9 /* OnChainTests */ = {
			isa = PBXGroup;
			children = (
				D4FDA79520218E5D007F47D9 /* OnChainTests.m */,
				D4FDA79720218E5D007F47D9 /* Info.plist */,
			);
			path = OnChainTests;
			sourceTree = "<group>";
		};
		D4FDA79F20218E5D007F47D9 /* OnChainUITests */ = {
			isa = PBXGroup;
			children = (
				D4FDA7A020218E5D007F47D9 /* OnChainUITests.m */,
				D4FDA7A220218E5D007F47D9 /* Info.plist */,
			);
			path = OnChainUITests;
			sourceTree = "<group>";
		};
		D4FDA7EC20219FB8007F47D9 /* Utils */ = {
			isa = PBXGroup;
			children = (
				12F0C8D82051305D00D54FA8 /* UIView+Scale */,
				D41C157D20416A8000174D80 /* LXQRCode */,
				D4FDA7F92021A3C9007F47D9 /* HUD */,
			);
			path = Utils;
			sourceTree = "<group>";
		};
		D4FDA7ED20219FB8007F47D9 /* Base */ = {
			isa = PBXGroup;
			children = (
				D4FDA7F32021A181007F47D9 /* BaseNavigationViewController.h */,
				D4FDA7F42021A181007F47D9 /* BaseNavigationViewController.m */,
				D4FDA7EF2021A181007F47D9 /* BaseViewController.h */,
				D4FDA7F02021A181007F47D9 /* BaseViewController.m */,
				D4FDA7F22021A181007F47D9 /* UIViewController+DismissKeyboard.h */,
				D4FDA7F12021A181007F47D9 /* UIViewController+DismissKeyboard.m */,
			);
			path = Base;
			sourceTree = "<group>";
		};
		D4FDA7EE2021A0D3007F47D9 /* Config */ = {
			isa = PBXGroup;
			children = (
				D4FDA7F82021A27E007F47D9 /* Config.h */,
			);
			path = Config;
			sourceTree = "<group>";
		};
		D4FDA7F92021A3C9007F47D9 /* HUD */ = {
			isa = PBXGroup;
			children = (
				D4FDA7FA2021A3C9007F47D9 /* UIViewController+HUD.m */,
				D4FDA7FB2021A3C9007F47D9 /* UIViewController+HUD.h */,
			);
			path = HUD;
			sourceTree = "<group>";
		};
		D4FDA7FD2021A6CC007F47D9 /* Common */ = {
			isa = PBXGroup;
			children = (
				C05245C1204979F700A80F85 /* AlertView */,
				C05245BD204979E400A80F85 /* PWDEnter */,
				D4FDA81B2022DF95007F47D9 /* Common.h */,
				D4FDA81C2022DF95007F47D9 /* Common.m */,
			);
			path = Common;
			sourceTree = "<group>";
		};
		D4FDA80A2021A6CD007F47D9 /* Network */ = {
			isa = PBXGroup;
			children = (
				D4FDA80B2021A8FA007F47D9 /* Api.h */,
				D4FDA80C2021A943007F47D9 /* CCRequest.h */,
				D4FDA80D2021A943007F47D9 /* CCRequest.m */,
			);
			path = Network;
			sourceTree = "<group>";
		};
		D4FDA9742029521C007F47D9 /* Models */ = {
			isa = PBXGroup;
			children = (
				D4FDA97F20295273007F47D9 /* UserModel.h */,
				D4FDA98020295273007F47D9 /* UserModel.m */,
			);
			path = Models;
			sourceTree = "<group>";
		};
		D4FDA9752029521C007F47D9 /* Identity */ = {
			isa = PBXGroup;
			children = (
				12F0C8D220511EE300D54FA8 /* Cell */,
				D4FDA9772029523C007F47D9 /* Controls */,
			);
			path = Identity;
			sourceTree = "<group>";
		};
		D4FDA9762029521D007F47D9 /* Mine */ = {
			isa = PBXGroup;
			children = (
				12ADD4932052A57D003A55E6 /* Cell */,
				D4FDA97820295243007F47D9 /* Controls */,
			);
			path = Mine;
			sourceTree = "<group>";
		};
		D4FDA9772029523C007F47D9 /* Controls */ = {
			isa = PBXGroup;
			children = (
				1237F2E820510DA600ED5447 /* IdentityViewController.h */,
				1237F2E920510DA600ED5447 /* IdentityViewController.m */,
				1237F2EA20510DA600ED5447 /* IdentityViewController.xib */,
				12F0C8DC20514A7800D54FA8 /* WebIdentityViewController.h */,
				12F0C8DD20514A7800D54FA8 /* WebIdentityViewController.m */,
			);
			path = Controls;
			sourceTree = "<group>";
		};
		D4FDA97820295243007F47D9 /* Controls */ = {
			isa = PBXGroup;
			children = (
				12ADD48E20528F4F003A55E6 /* MineViewController.h */,
				12ADD48F20528F4F003A55E6 /* MineViewController.m */,
				12ADD49020528F4F003A55E6 /* MineViewController.xib */,
			);
			path = Controls;
			sourceTree = "<group>";
		};
		D4FDA982202A98F7007F47D9 /* Home */ = {
			isa = PBXGroup;
			children = (
				D4FDA983202A98F7007F47D9 /* Controls */,
				D4FDA984202A98F7007F47D9 /* Views */,
			);
			path = Home;
			sourceTree = "<group>";
		};
		D4FDA983202A98F7007F47D9 /* Controls */ = {
			isa = PBXGroup;
			children = (
				D4FDA985202A9F6C007F47D9 /* HomeViewController.h */,
				D4FDA986202A9F6C007F47D9 /* HomeViewController.m */,
				D4FDA988202A9F75007F47D9 /* CreateViewController.h */,
				D4FDA989202A9F75007F47D9 /* CreateViewController.m */,
				C05245C520497FB300A80F85 /* CreatePwdViewController.h */,
				C05245C620497FB300A80F85 /* CreatePwdViewController.m */,
				C05245C820499C1100A80F85 /* CreateWaitViewController.h */,
				C05245C920499C1100A80F85 /* CreateWaitViewController.m */,
				D41C163F2045379000174D80 /* ImportViewController.h */,
				D41C16402045379000174D80 /* ImportViewController.m */,
				D48AC8DB20454E5E00720E67 /* ImportEnterViewController.h */,
				D48AC8DC20454E5E00720E67 /* ImportEnterViewController.m */,
			);
			path = Controls;
			sourceTree = "<group>";
		};
		D4FDA984202A98F7007F47D9 /* Views */ = {
			isa = PBXGroup;
			children = (
				D494195D203EB4D300F3A3DB /* BrowserView.h */,
				D494195E203EB4D300F3A3DB /* BrowserView.m */,
				D41C157A20413FD800174D80 /* CreateView.h */,
				D41C157B20413FD800174D80 /* CreateView.m */,
				C05245CB2049A63E00A80F85 /* BackView.h */,
				C05245CC2049A63E00A80F85 /* BackView.m */,
			);
			path = Views;
			sourceTree = "<group>";
		};
/* End PBXGroup section */

/* Begin PBXNativeTarget section */
		D4FDA77820218E5D007F47D9 /* OnChain */ = {
			isa = PBXNativeTarget;
			buildConfigurationList = D4FDA7A520218E5D007F47D9 /* Build configuration list for PBXNativeTarget "OnChain" */;
			buildPhases = (
				081B1736634A5C5020C2C4AB /* [CP] Check Pods Manifest.lock */,
				D4FDA77520218E5D007F47D9 /* Sources */,
				D4FDA77620218E5D007F47D9 /* Frameworks */,
				D4FDA77720218E5D007F47D9 /* Resources */,
				B137D9F625912640ADCA0DFB /* [CP] Embed Pods Frameworks */,
				7BA7DB646E5BE5B71024AC2E /* [CP] Copy Pods Resources */,
				D4FDA8162022DAB6007F47D9 /* Embed Frameworks */,
			);
			buildRules = (
			);
			dependencies = (
			);
			name = OnChain;
			productName = OnChain;
			productReference = D4FDA77920218E5D007F47D9 /* OnChain.app */;
			productType = "com.apple.product-type.application";
		};
		D4FDA79020218E5D007F47D9 /* OnChainTests */ = {
			isa = PBXNativeTarget;
			buildConfigurationList = D4FDA7A820218E5D007F47D9 /* Build configuration list for PBXNativeTarget "OnChainTests" */;
			buildPhases = (
				D4FDA78D20218E5D007F47D9 /* Sources */,
				D4FDA78E20218E5D007F47D9 /* Frameworks */,
				D4FDA78F20218E5D007F47D9 /* Resources */,
			);
			buildRules = (
			);
			dependencies = (
				D4FDA79320218E5D007F47D9 /* PBXTargetDependency */,
			);
			name = OnChainTests;
			productName = OnChainTests;
			productReference = D4FDA79120218E5D007F47D9 /* OnChainTests.xctest */;
			productType = "com.apple.product-type.bundle.unit-test";
		};
		D4FDA79B20218E5D007F47D9 /* OnChainUITests */ = {
			isa = PBXNativeTarget;
			buildConfigurationList = D4FDA7AB20218E5D007F47D9 /* Build configuration list for PBXNativeTarget "OnChainUITests" */;
			buildPhases = (
				D4FDA79820218E5D007F47D9 /* Sources */,
				D4FDA79920218E5D007F47D9 /* Frameworks */,
				D4FDA79A20218E5D007F47D9 /* Resources */,
			);
			buildRules = (
			);
			dependencies = (
				D4FDA79E20218E5D007F47D9 /* PBXTargetDependency */,
			);
			name = OnChainUITests;
			productName = OnChainUITests;
			productReference = D4FDA79C20218E5D007F47D9 /* OnChainUITests.xctest */;
			productType = "com.apple.product-type.bundle.ui-testing";
		};
/* End PBXNativeTarget section */

/* Begin PBXProject section */
		D4FDA77120218E5D007F47D9 /* Project object */ = {
			isa = PBXProject;
			attributes = {
				LastUpgradeCheck = 0910;
				ORGANIZATIONNAME = Zeus;
				TargetAttributes = {
					D4FDA77820218E5D007F47D9 = {
						CreatedOnToolsVersion = 9.1;
						ProvisioningStyle = Automatic;
					};
					D4FDA79020218E5D007F47D9 = {
						CreatedOnToolsVersion = 9.1;
						ProvisioningStyle = Automatic;
						TestTargetID = D4FDA77820218E5D007F47D9;
					};
					D4FDA79B20218E5D007F47D9 = {
						CreatedOnToolsVersion = 9.1;
						ProvisioningStyle = Automatic;
						TestTargetID = D4FDA77820218E5D007F47D9;
					};
				};
			};
			buildConfigurationList = D4FDA77420218E5D007F47D9 /* Build configuration list for PBXProject "OnChain" */;
			compatibilityVersion = "Xcode 8.0";
			developmentRegion = en;
			hasScannedForEncodings = 0;
			knownRegions = (
				en,
				Base,
				"zh-Hans",
			);
			mainGroup = D4FDA77020218E5D007F47D9;
			productRefGroup = D4FDA77A20218E5D007F47D9 /* Products */;
			projectDirPath = "";
			projectRoot = "";
			targets = (
				D4FDA77820218E5D007F47D9 /* OnChain */,
				D4FDA79020218E5D007F47D9 /* OnChainTests */,
				D4FDA79B20218E5D007F47D9 /* OnChainUITests */,
			);
		};
/* End PBXProject section */

/* Begin PBXResourcesBuildPhase section */
		D4FDA77720218E5D007F47D9 /* Resources */ = {
			isa = PBXResourcesBuildPhase;
			buildActionMask = 2147483647;
			files = (
				D4FDA78620218E5D007F47D9 /* Assets.xcassets in Resources */,
				12ADD49220528F4F003A55E6 /* MineViewController.xib in Resources */,
				D41C15862043E2B100174D80 /* InfoPlist.strings in Resources */,
				12F0C8D72051217E00D54FA8 /* IndentityCell.xib in Resources */,
				1237F2EC20510DA600ED5447 /* IdentityViewController.xib in Resources */,
				D494195C203EB32B00F3A3DB /* js in Resources */,
				12ADD4982052A595003A55E6 /* MineCell.xib in Resources */,
				C0CF0917204A25D700E2A4D1 /* SGQRCode.bundle in Resources */,
				12ADD49D2052B2A0003A55E6 /* IDCell.xib in Resources */,
			);
			runOnlyForDeploymentPostprocessing = 0;
		};
		D4FDA78F20218E5D007F47D9 /* Resources */ = {
			isa = PBXResourcesBuildPhase;
			buildActionMask = 2147483647;
			files = (
			);
			runOnlyForDeploymentPostprocessing = 0;
		};
		D4FDA79A20218E5D007F47D9 /* Resources */ = {
			isa = PBXResourcesBuildPhase;
			buildActionMask = 2147483647;
			files = (
			);
			runOnlyForDeploymentPostprocessing = 0;
		};
/* End PBXResourcesBuildPhase section */

/* Begin PBXShellScriptBuildPhase section */
		081B1736634A5C5020C2C4AB /* [CP] Check Pods Manifest.lock */ = {
			isa = PBXShellScriptBuildPhase;
			buildActionMask = 2147483647;
			files = (
			);
			inputPaths = (
				"${PODS_PODFILE_DIR_PATH}/Podfile.lock",
				"${PODS_ROOT}/Manifest.lock",
			);
			name = "[CP] Check Pods Manifest.lock";
			outputPaths = (
				"$(DERIVED_FILE_DIR)/Pods-OnChain-checkManifestLockResult.txt",
			);
			runOnlyForDeploymentPostprocessing = 0;
			shellPath = /bin/sh;
			shellScript = "diff \"${PODS_PODFILE_DIR_PATH}/Podfile.lock\" \"${PODS_ROOT}/Manifest.lock\" > /dev/null\nif [ $? != 0 ] ; then\n    # print error to STDERR\n    echo \"error: The sandbox is not in sync with the Podfile.lock. Run 'pod install' or update your CocoaPods installation.\" >&2\n    exit 1\nfi\n# This output is used by Xcode 'outputs' to avoid re-running this script phase.\necho \"SUCCESS\" > \"${SCRIPT_OUTPUT_FILE_0}\"\n";
			showEnvVarsInLog = 0;
		};
		7BA7DB646E5BE5B71024AC2E /* [CP] Copy Pods Resources */ = {
			isa = PBXShellScriptBuildPhase;
			buildActionMask = 2147483647;
			files = (
			);
			inputPaths = (
				"${SRCROOT}/Pods/Target Support Files/Pods-OnChain/Pods-OnChain-resources.sh",
				"${PODS_ROOT}/MJRefresh/MJRefresh/MJRefresh.bundle",
				"${PODS_ROOT}/SAMKeychain/Support/SAMKeychain.bundle",
			);
			name = "[CP] Copy Pods Resources";
			outputPaths = (
				"${TARGET_BUILD_DIR}/${UNLOCALIZED_RESOURCES_FOLDER_PATH}/MJRefresh.bundle",
				"${TARGET_BUILD_DIR}/${UNLOCALIZED_RESOURCES_FOLDER_PATH}/SAMKeychain.bundle",
			);
			runOnlyForDeploymentPostprocessing = 0;
			shellPath = /bin/sh;
			shellScript = "\"${SRCROOT}/Pods/Target Support Files/Pods-OnChain/Pods-OnChain-resources.sh\"\n";
			showEnvVarsInLog = 0;
		};
		B137D9F625912640ADCA0DFB /* [CP] Embed Pods Frameworks */ = {
			isa = PBXShellScriptBuildPhase;
			buildActionMask = 2147483647;
			files = (
			);
			inputPaths = (
			);
			name = "[CP] Embed Pods Frameworks";
			outputPaths = (
			);
			runOnlyForDeploymentPostprocessing = 0;
			shellPath = /bin/sh;
			shellScript = "\"${SRCROOT}/Pods/Target Support Files/Pods-OnChain/Pods-OnChain-frameworks.sh\"\n";
			showEnvVarsInLog = 0;
		};
/* End PBXShellScriptBuildPhase section */

/* Begin PBXSourcesBuildPhase section */
		D4FDA77520218E5D007F47D9 /* Sources */ = {
			isa = PBXSourcesBuildPhase;
			buildActionMask = 2147483647;
			files = (
				12F0C8DE20514A7800D54FA8 /* WebIdentityViewController.m in Sources */,
				D41C15832043A5FF00174D80 /* UIImage+colorImage.m in Sources */,
				12ADD4972052A595003A55E6 /* MineCell.m in Sources */,
				D4FDA7F62021A182007F47D9 /* UIViewController+DismissKeyboard.m in Sources */,
				C0CF091A204A25D700E2A4D1 /* SGQRCodeScanningView.m in Sources */,
				D4FDA7F72021A182007F47D9 /* BaseNavigationViewController.m in Sources */,
				D41C157C20413FD800174D80 /* CreateView.m in Sources */,
				12F0C8DB2051306500D54FA8 /* UIView+Scale.m in Sources */,
				D48AC8DD20454E5E00720E67 /* ImportEnterViewController.m in Sources */,
				C0CF0918204A25D700E2A4D1 /* UIImage+SGImageSize.m in Sources */,
				D4FDA98120295273007F47D9 /* UserModel.m in Sources */,
				D4FDA78120218E5D007F47D9 /* ViewController.m in Sources */,
				C0CF091B204A25D700E2A4D1 /* SGQRCodeScanManager.m in Sources */,
				C0CF0919204A25D700E2A4D1 /* SGQRCodeHelperTool.m in Sources */,
				D4FDA7F52021A182007F47D9 /* BaseViewController.m in Sources */,
				C05245BC2047E95500A80F85 /* CapitalViewController.m in Sources */,
				C0CF091C204A25D700E2A4D1 /* SGQRCodeGenerateManager.m in Sources */,
				C05245C720497FB300A80F85 /* CreatePwdViewController.m in Sources */,
				D494195F203EB4D300F3A3DB /* BrowserView.m in Sources */,
				C05245C420497A3100A80F85 /* OTAlertView.m in Sources */,
				D4FDA78C20218E5D007F47D9 /* main.m in Sources */,
				D4FDA80E2021A943007F47D9 /* CCRequest.m in Sources */,
				C0CF091D204A25D700E2A4D1 /* SGQRCodeAlbumManager.m in Sources */,
				12ADD49120528F4F003A55E6 /* MineViewController.m in Sources */,
				12F0C8D62051217E00D54FA8 /* IndentityCell.m in Sources */,
				C05245CA20499C1100A80F85 /* CreateWaitViewController.m in Sources */,
				C05245CD2049A63E00A80F85 /* BackView.m in Sources */,
				D4FDA81D2022DF95007F47D9 /* Common.m in Sources */,
				D4FDA98A202A9F75007F47D9 /* CreateViewController.m in Sources */,
				D41C16412045379000174D80 /* ImportViewController.m in Sources */,
				D4FDA7FC2021A3C9007F47D9 /* UIViewController+HUD.m in Sources */,
				D4FDA77E20218E5D007F47D9 /* AppDelegate.m in Sources */,
				1237F2EB20510DA600ED5447 /* IdentityViewController.m in Sources */,
				D4FDA987202A9F6C007F47D9 /* HomeViewController.m in Sources */,
				12ADD49C2052B2A0003A55E6 /* IDCell.m in Sources */,
				D41C158020416A8000174D80 /* UIImage+LXQRCode.m in Sources */,
				C05245C0204979E400A80F85 /* PwdEnterView.m in Sources */,
			);
			runOnlyForDeploymentPostprocessing = 0;
		};
		D4FDA78D20218E5D007F47D9 /* Sources */ = {
			isa = PBXSourcesBuildPhase;
			buildActionMask = 2147483647;
			files = (
				D4FDA79620218E5D007F47D9 /* OnChainTests.m in Sources */,
			);
			runOnlyForDeploymentPostprocessing = 0;
		};
		D4FDA79820218E5D007F47D9 /* Sources */ = {
			isa = PBXSourcesBuildPhase;
			buildActionMask = 2147483647;
			files = (
				D4FDA7A120218E5D007F47D9 /* OnChainUITests.m in Sources */,
			);
			runOnlyForDeploymentPostprocessing = 0;
		};
/* End PBXSourcesBuildPhase section */

/* Begin PBXTargetDependency section */
		D4FDA79320218E5D007F47D9 /* PBXTargetDependency */ = {
			isa = PBXTargetDependency;
			target = D4FDA77820218E5D007F47D9 /* OnChain */;
			targetProxy = D4FDA79220218E5D007F47D9 /* PBXContainerItemProxy */;
		};
		D4FDA79E20218E5D007F47D9 /* PBXTargetDependency */ = {
			isa = PBXTargetDependency;
			target = D4FDA77820218E5D007F47D9 /* OnChain */;
			targetProxy = D4FDA79D20218E5D007F47D9 /* PBXContainerItemProxy */;
		};
/* End PBXTargetDependency section */

/* Begin PBXVariantGroup section */
		D41C15882043E2B100174D80 /* InfoPlist.strings */ = {
			isa = PBXVariantGroup;
			children = (
				D41C15872043E2B100174D80 /* en */,
				D41C158A2043E37B00174D80 /* zh-Hans */,
			);
			name = InfoPlist.strings;
			sourceTree = "<group>";
		};
/* End PBXVariantGroup section */

/* Begin XCBuildConfiguration section */
		D4FDA7A320218E5D007F47D9 /* Debug */ = {
			isa = XCBuildConfiguration;
			buildSettings = {
				ALWAYS_SEARCH_USER_PATHS = NO;
				CLANG_ANALYZER_LOCALIZABILITY_NONLOCALIZED = YES;
				CLANG_ANALYZER_NONNULL = YES;
				CLANG_ANALYZER_NUMBER_OBJECT_CONVERSION = YES_AGGRESSIVE;
				CLANG_CXX_LANGUAGE_STANDARD = "gnu++14";
				CLANG_CXX_LIBRARY = "libc++";
				CLANG_ENABLE_MODULES = YES;
				CLANG_ENABLE_OBJC_ARC = YES;
				CLANG_WARN_BLOCK_CAPTURE_AUTORELEASING = YES;
				CLANG_WARN_BOOL_CONVERSION = YES;
				CLANG_WARN_COMMA = YES;
				CLANG_WARN_CONSTANT_CONVERSION = YES;
				CLANG_WARN_DIRECT_OBJC_ISA_USAGE = YES_ERROR;
				CLANG_WARN_DOCUMENTATION_COMMENTS = YES;
				CLANG_WARN_EMPTY_BODY = YES;
				CLANG_WARN_ENUM_CONVERSION = YES;
				CLANG_WARN_INFINITE_RECURSION = YES;
				CLANG_WARN_INT_CONVERSION = YES;
				CLANG_WARN_NON_LITERAL_NULL_CONVERSION = YES;
				CLANG_WARN_OBJC_LITERAL_CONVERSION = YES;
				CLANG_WARN_OBJC_ROOT_CLASS = YES_ERROR;
				CLANG_WARN_RANGE_LOOP_ANALYSIS = YES;
				CLANG_WARN_STRICT_PROTOTYPES = YES;
				CLANG_WARN_SUSPICIOUS_MOVE = YES;
				CLANG_WARN_UNGUARDED_AVAILABILITY = YES_AGGRESSIVE;
				CLANG_WARN_UNREACHABLE_CODE = YES;
				CLANG_WARN__DUPLICATE_METHOD_MATCH = YES;
				CODE_SIGN_IDENTITY = "iPhone Developer";
				COPY_PHASE_STRIP = NO;
				DEBUG_INFORMATION_FORMAT = dwarf;
				ENABLE_STRICT_OBJC_MSGSEND = YES;
				ENABLE_TESTABILITY = YES;
				GCC_C_LANGUAGE_STANDARD = gnu11;
				GCC_DYNAMIC_NO_PIC = NO;
				GCC_NO_COMMON_BLOCKS = YES;
				GCC_OPTIMIZATION_LEVEL = 0;
				GCC_PREPROCESSOR_DEFINITIONS = (
					"DEBUG=1",
					"$(inherited)",
				);
				GCC_WARN_64_TO_32_BIT_CONVERSION = YES;
				GCC_WARN_ABOUT_RETURN_TYPE = YES_ERROR;
				GCC_WARN_UNDECLARED_SELECTOR = YES;
				GCC_WARN_UNINITIALIZED_AUTOS = YES_AGGRESSIVE;
				GCC_WARN_UNUSED_FUNCTION = YES;
				GCC_WARN_UNUSED_VARIABLE = YES;
				IPHONEOS_DEPLOYMENT_TARGET = 11.1;
				MTL_ENABLE_DEBUG_INFO = YES;
				ONLY_ACTIVE_ARCH = YES;
				SDKROOT = iphoneos;
			};
			name = Debug;
		};
		D4FDA7A420218E5D007F47D9 /* Release */ = {
			isa = XCBuildConfiguration;
			buildSettings = {
				ALWAYS_SEARCH_USER_PATHS = NO;
				CLANG_ANALYZER_LOCALIZABILITY_NONLOCALIZED = YES;
				CLANG_ANALYZER_NONNULL = YES;
				CLANG_ANALYZER_NUMBER_OBJECT_CONVERSION = YES_AGGRESSIVE;
				CLANG_CXX_LANGUAGE_STANDARD = "gnu++14";
				CLANG_CXX_LIBRARY = "libc++";
				CLANG_ENABLE_MODULES = YES;
				CLANG_ENABLE_OBJC_ARC = YES;
				CLANG_WARN_BLOCK_CAPTURE_AUTORELEASING = YES;
				CLANG_WARN_BOOL_CONVERSION = YES;
				CLANG_WARN_COMMA = YES;
				CLANG_WARN_CONSTANT_CONVERSION = YES;
				CLANG_WARN_DIRECT_OBJC_ISA_USAGE = YES_ERROR;
				CLANG_WARN_DOCUMENTATION_COMMENTS = YES;
				CLANG_WARN_EMPTY_BODY = YES;
				CLANG_WARN_ENUM_CONVERSION = YES;
				CLANG_WARN_INFINITE_RECURSION = YES;
				CLANG_WARN_INT_CONVERSION = YES;
				CLANG_WARN_NON_LITERAL_NULL_CONVERSION = YES;
				CLANG_WARN_OBJC_LITERAL_CONVERSION = YES;
				CLANG_WARN_OBJC_ROOT_CLASS = YES_ERROR;
				CLANG_WARN_RANGE_LOOP_ANALYSIS = YES;
				CLANG_WARN_STRICT_PROTOTYPES = YES;
				CLANG_WARN_SUSPICIOUS_MOVE = YES;
				CLANG_WARN_UNGUARDED_AVAILABILITY = YES_AGGRESSIVE;
				CLANG_WARN_UNREACHABLE_CODE = YES;
				CLANG_WARN__DUPLICATE_METHOD_MATCH = YES;
				CODE_SIGN_IDENTITY = "iPhone Developer";
				COPY_PHASE_STRIP = NO;
				DEBUG_INFORMATION_FORMAT = "dwarf-with-dsym";
				ENABLE_NS_ASSERTIONS = NO;
				ENABLE_STRICT_OBJC_MSGSEND = YES;
				GCC_C_LANGUAGE_STANDARD = gnu11;
				GCC_NO_COMMON_BLOCKS = YES;
				GCC_WARN_64_TO_32_BIT_CONVERSION = YES;
				GCC_WARN_ABOUT_RETURN_TYPE = YES_ERROR;
				GCC_WARN_UNDECLARED_SELECTOR = YES;
				GCC_WARN_UNINITIALIZED_AUTOS = YES_AGGRESSIVE;
				GCC_WARN_UNUSED_FUNCTION = YES;
				GCC_WARN_UNUSED_VARIABLE = YES;
				IPHONEOS_DEPLOYMENT_TARGET = 11.1;
				MTL_ENABLE_DEBUG_INFO = NO;
				SDKROOT = iphoneos;
				VALIDATE_PRODUCT = YES;
			};
			name = Release;
		};
		D4FDA7A620218E5D007F47D9 /* Debug */ = {
			isa = XCBuildConfiguration;
			baseConfigurationReference = 761AD0B5FBDAD9C5B7B1A849 /* Pods-OnChain.debug.xcconfig */;
			buildSettings = {
				ASSETCATALOG_COMPILER_APPICON_NAME = AppIcon;
				ASSETCATALOG_COMPILER_LAUNCHIMAGE_NAME = LaunchImage;
				"CODE_SIGN_IDENTITY[sdk=iphoneos*]" = "iPhone Developer";
				CODE_SIGN_STYLE = Automatic;
				DEVELOPMENT_TEAM = B7V7NQLH42;
				ENABLE_BITCODE = NO;
				FRAMEWORK_SEARCH_PATHS = (
					"$(inherited)",
					"$(PROJECT_DIR)",
				);
				INFOPLIST_FILE = OnChain/Info.plist;
				IPHONEOS_DEPLOYMENT_TARGET = 9.0;
				LD_RUNPATH_SEARCH_PATHS = "$(inherited) @executable_path/Frameworks";
				OTHER_LDFLAGS = (
					"$(inherited)",
					"-ObjC",
					"-l\"AFNetworking\"",
					"-l\"MBProgressHUD\"",
					"-l\"MJRefresh\"",
					"-l\"Masonry\"",
					"-l\"SAMKeychain\"",
					"-l\"SDWebImage\"",
					"-l\"YYKit\"",
					"-l\"sqlite3\"",
					"-l\"z\"",
					"-framework",
					"\"Accelerate\"",
					"-framework",
					"\"AssetsLibrary\"",
					"-framework",
					"\"CoreFoundation\"",
					"-framework",
					"\"CoreGraphics\"",
					"-framework",
					"\"CoreImage\"",
					"-framework",
					"\"CoreText\"",
					"-framework",
					"\"Foundation\"",
					"-framework",
					"\"ImageIO\"",
					"-framework",
					"\"MobileCoreServices\"",
					"-framework",
					"\"QuartzCore\"",
					"-framework",
					"\"Security\"",
					"-framework",
					"\"SystemConfiguration\"",
					"-framework",
					"\"UIKit\"",
					"-framework",
					"\"WebP\"",
				);
				PRODUCT_BUNDLE_IDENTIFIER = com.zeus11;
				PRODUCT_NAME = "$(TARGET_NAME)";
				PROVISIONING_PROFILE_SPECIFIER = "";
				TARGETED_DEVICE_FAMILY = "1,2";
			};
			name = Debug;
		};
		D4FDA7A720218E5D007F47D9 /* Release */ = {
			isa = XCBuildConfiguration;
			baseConfigurationReference = 628AC3BF4316BC39587835F5 /* Pods-OnChain.release.xcconfig */;
			buildSettings = {
				ASSETCATALOG_COMPILER_APPICON_NAME = AppIcon;
				ASSETCATALOG_COMPILER_LAUNCHIMAGE_NAME = LaunchImage;
				"CODE_SIGN_IDENTITY[sdk=iphoneos*]" = "iPhone Developer";
				CODE_SIGN_STYLE = Automatic;
				DEVELOPMENT_TEAM = B7V7NQLH42;
				ENABLE_BITCODE = NO;
				FRAMEWORK_SEARCH_PATHS = (
					"$(inherited)",
					"$(PROJECT_DIR)",
				);
				INFOPLIST_FILE = OnChain/Info.plist;
				IPHONEOS_DEPLOYMENT_TARGET = 9.0;
				LD_RUNPATH_SEARCH_PATHS = "$(inherited) @executable_path/Frameworks";
				OTHER_LDFLAGS = (
					"$(inherited)",
					"-ObjC",
					"-l\"AFNetworking\"",
					"-l\"MBProgressHUD\"",
					"-l\"MJRefresh\"",
					"-l\"Masonry\"",
					"-l\"SAMKeychain\"",
					"-l\"SDWebImage\"",
					"-l\"YYKit\"",
					"-l\"sqlite3\"",
					"-l\"z\"",
					"-framework",
					"\"Accelerate\"",
					"-framework",
					"\"AssetsLibrary\"",
					"-framework",
					"\"CoreFoundation\"",
					"-framework",
					"\"CoreGraphics\"",
					"-framework",
					"\"CoreImage\"",
					"-framework",
					"\"CoreText\"",
					"-framework",
					"\"Foundation\"",
					"-framework",
					"\"ImageIO\"",
					"-framework",
					"\"MobileCoreServices\"",
					"-framework",
					"\"QuartzCore\"",
					"-framework",
					"\"Security\"",
					"-framework",
					"\"SystemConfiguration\"",
					"-framework",
					"\"UIKit\"",
					"-framework",
					"\"WebP\"",
				);
				PRODUCT_BUNDLE_IDENTIFIER = com.zeus11;
				PRODUCT_NAME = "$(TARGET_NAME)";
				PROVISIONING_PROFILE_SPECIFIER = "";
				TARGETED_DEVICE_FAMILY = "1,2";
			};
			name = Release;
		};
		D4FDA7A920218E5D007F47D9 /* Debug */ = {
			isa = XCBuildConfiguration;
			buildSettings = {
				BUNDLE_LOADER = "$(TEST_HOST)";
				CODE_SIGN_STYLE = Automatic;
				INFOPLIST_FILE = OnChainTests/Info.plist;
				LD_RUNPATH_SEARCH_PATHS = "$(inherited) @executable_path/Frameworks @loader_path/Frameworks";
				PRODUCT_BUNDLE_IDENTIFIER = com.zeus.OnChainTests;
				PRODUCT_NAME = "$(TARGET_NAME)";
				TARGETED_DEVICE_FAMILY = "1,2";
				TEST_HOST = "$(BUILT_PRODUCTS_DIR)/OnChain.app/OnChain";
			};
			name = Debug;
		};
		D4FDA7AA20218E5D007F47D9 /* Release */ = {
			isa = XCBuildConfiguration;
			buildSettings = {
				BUNDLE_LOADER = "$(TEST_HOST)";
				CODE_SIGN_STYLE = Automatic;
				INFOPLIST_FILE = OnChainTests/Info.plist;
				LD_RUNPATH_SEARCH_PATHS = "$(inherited) @executable_path/Frameworks @loader_path/Frameworks";
				PRODUCT_BUNDLE_IDENTIFIER = com.zeus.OnChainTests;
				PRODUCT_NAME = "$(TARGET_NAME)";
				TARGETED_DEVICE_FAMILY = "1,2";
				TEST_HOST = "$(BUILT_PRODUCTS_DIR)/OnChain.app/OnChain";
			};
			name = Release;
		};
		D4FDA7AC20218E5D007F47D9 /* Debug */ = {
			isa = XCBuildConfiguration;
			buildSettings = {
				CODE_SIGN_STYLE = Automatic;
				INFOPLIST_FILE = OnChainUITests/Info.plist;
				LD_RUNPATH_SEARCH_PATHS = "$(inherited) @executable_path/Frameworks @loader_path/Frameworks";
				PRODUCT_BUNDLE_IDENTIFIER = com.zeus.OnChainUITests;
				PRODUCT_NAME = "$(TARGET_NAME)";
				TARGETED_DEVICE_FAMILY = "1,2";
				TEST_TARGET_NAME = OnChain;
			};
			name = Debug;
		};
		D4FDA7AD20218E5D007F47D9 /* Release */ = {
			isa = XCBuildConfiguration;
			buildSettings = {
				CODE_SIGN_STYLE = Automatic;
				INFOPLIST_FILE = OnChainUITests/Info.plist;
				LD_RUNPATH_SEARCH_PATHS = "$(inherited) @executable_path/Frameworks @loader_path/Frameworks";
				PRODUCT_BUNDLE_IDENTIFIER = com.zeus.OnChainUITests;
				PRODUCT_NAME = "$(TARGET_NAME)";
				TARGETED_DEVICE_FAMILY = "1,2";
				TEST_TARGET_NAME = OnChain;
			};
			name = Release;
		};
/* End XCBuildConfiguration section */

/* Begin XCConfigurationList section */
		D4FDA77420218E5D007F47D9 /* Build configuration list for PBXProject "OnChain" */ = {
			isa = XCConfigurationList;
			buildConfigurations = (
				D4FDA7A320218E5D007F47D9 /* Debug */,
				D4FDA7A420218E5D007F47D9 /* Release */,
			);
			defaultConfigurationIsVisible = 0;
			defaultConfigurationName = Release;
		};
		D4FDA7A520218E5D007F47D9 /* Build configuration list for PBXNativeTarget "OnChain" */ = {
			isa = XCConfigurationList;
			buildConfigurations = (
				D4FDA7A620218E5D007F47D9 /* Debug */,
				D4FDA7A720218E5D007F47D9 /* Release */,
			);
			defaultConfigurationIsVisible = 0;
			defaultConfigurationName = Release;
		};
		D4FDA7A820218E5D007F47D9 /* Build configuration list for PBXNativeTarget "OnChainTests" */ = {
			isa = XCConfigurationList;
			buildConfigurations = (
				D4FDA7A920218E5D007F47D9 /* Debug */,
				D4FDA7AA20218E5D007F47D9 /* Release */,
			);
			defaultConfigurationIsVisible = 0;
			defaultConfigurationName = Release;
		};
		D4FDA7AB20218E5D007F47D9 /* Build configuration list for PBXNativeTarget "OnChainUITests" */ = {
			isa = XCConfigurationList;
			buildConfigurations = (
				D4FDA7AC20218E5D007F47D9 /* Debug */,
				D4FDA7AD20218E5D007F47D9 /* Release */,
			);
			defaultConfigurationIsVisible = 0;
			defaultConfigurationName = Release;
		};
/* End XCConfigurationList section */
	};
	rootObject = D4FDA77120218E5D007F47D9 /* Project object */;
}
